
Microsoft Visual Studio Solution File, Format Version 12.00
# Visual Studio Version 17
VisualStudioVersion = 17.0.32014.148
MinimumVisualStudioVersion = 10.0.40219.1
Project("{9A19103F-16F7-4668-BE54-9A1E7A4F7556}") = "Eventator.Host", "Eventator.Host\Eventator.Host.csproj", "{98036931-095C-4C30-8C05-5DCAEE9250CD}"
EndProject
Project("{9A19103F-16F7-4668-BE54-9A1E7A4F7556}") = "Eventator.Domain", "Eventator.Domain\Eventator.Domain.csproj", "{AA7EA2BE-2356-42A6-970D-AC504A8BCDB4}"
EndProject
Project("{9A19103F-16F7-4668-BE54-9A1E7A4F7556}") = "Eventator.DataContext", "Eventator.DataContext\Eventator.DataContext.csproj", "{42635218-50A6-4ED3-BA69-83B24EAFF1B5}"
EndProject
Global
	GlobalSection(SolutionConfigurationPlatforms) = preSolution
		Debug|Any CPU = Debug|Any CPU
		Release|Any CPU = Release|Any CPU
	EndGlobalSection
	GlobalSection(ProjectConfigurationPlatforms) = postSolution
		{98036931-095C-4C30-8C05-5DCAEE9250CD}.Debug|Any CPU.ActiveCfg = Debug|Any CPU
		{98036931-095C-4C30-8C05-5DCAEE9250CD}.Debug|Any CPU.Build.0 = Debug|Any CPU
		{98036931-095C-4C30-8C05-5DCAEE9250CD}.Release|Any CPU.ActiveCfg = Release|Any CPU
		{98036931-095C-4C30-8C05-5DCAEE9250CD}.Release|Any CPU.Build.0 = Release|Any CPU
		{AA7EA2BE-2356-42A6-970D-AC504A8BCDB4}.Debug|Any CPU.ActiveCfg = Debug|Any CPU
		{AA7EA2BE-2356-42A6-970D-AC504A8BCDB4}.Debug|Any CPU.Build.0 = Debug|Any CPU
		{AA7EA2BE-2356-42A6-970D-AC504A8BCDB4}.Release|Any CPU.ActiveCfg = Release|Any CPU
		{AA7EA2BE-2356-42A6-970D-AC504A8BCDB4}.Release|Any CPU.Build.0 = Release|Any CPU
		{42635218-50A6-4ED3-BA69-83B24EAFF1B5}.Debug|Any CPU.ActiveCfg = Debug|Any CPU
		{42635218-50A6-4ED3-BA69-83B24EAFF1B5}.Debug|Any CPU.Build.0 = Debug|Any CPU
		{42635218-50A6-4ED3-BA69-83B24EAFF1B5}.Release|Any CPU.ActiveCfg = Release|Any CPU
		{42635218-50A6-4ED3-BA69-83B24EAFF1B5}.Release|Any CPU.Build.0 = Release|Any CPU
	EndGlobalSection
	GlobalSection(SolutionProperties) = preSolution
		HideSolutionNode = FALSE
	EndGlobalSection
	GlobalSection(ExtensibilityGlobals) = postSolution
		SolutionGuid = {B2104884-E550-451E-AF21-5768EAF63131}
	EndGlobalSection
EndGlobal
